
Microsoft Visual Studio Solution File, Format Version 12.00
# Visual Studio Version 16
VisualStudioVersion = 16.0.30225.117
MinimumVisualStudioVersion = 10.0.40219.1
Project("{9A19103F-16F7-4668-BE54-9A1E7A4F7556}") = "Domain", "Domain\Domain.csproj", "{F95E31DD-F483-4A13-8EC1-DF25A1F9B763}"
EndProject
Project("{9A19103F-16F7-4668-BE54-9A1E7A4F7556}") = "Tests", "Tests\Tests.csproj", "{E77B4B81-7FE1-4F91-A1B1-C16C669FAC34}"
EndProject
Global
	GlobalSection(SolutionConfigurationPlatforms) = preSolution
		Debug|Any CPU = Debug|Any CPU
		Release|Any CPU = Release|Any CPU
	EndGlobalSection
	GlobalSection(ProjectConfigurationPlatforms) = postSolution
		{F95E31DD-F483-4A13-8EC1-DF25A1F9B763}.Debug|Any CPU.ActiveCfg = Debug|Any CPU
		{F95E31DD-F483-4A13-8EC1-DF25A1F9B763}.Debug|Any CPU.Build.0 = Debug|Any CPU
		{F95E31DD-F483-4A13-8EC1-DF25A1F9B763}.Release|Any CPU.ActiveCfg = Release|Any CPU
		{F95E31DD-F483-4A13-8EC1-DF25A1F9B763}.Release|Any CPU.Build.0 = Release|Any CPU
		{E77B4B81-7FE1-4F91-A1B1-C16C669FAC34}.Debug|Any CPU.ActiveCfg = Debug|Any CPU
		{E77B4B81-7FE1-4F91-A1B1-C16C669FAC34}.Debug|Any CPU.Build.0 = Debug|Any CPU
		{E77B4B81-7FE1-4F91-A1B1-C16C669FAC34}.Release|Any CPU.ActiveCfg = Release|Any CPU
		{E77B4B81-7FE1-4F91-A1B1-C16C669FAC34}.Release|Any CPU.Build.0 = Release|Any CPU
	EndGlobalSection
	GlobalSection(SolutionProperties) = preSolution
		HideSolutionNode = FALSE
	EndGlobalSection
	GlobalSection(ExtensibilityGlobals) = postSolution
		SolutionGuid = {8E1A88F0-B767-489E-872F-D57A9DC601D9}
	EndGlobalSection
EndGlobal
